
Microsoft Visual Studio Solution File, Format Version 12.00
# Visual Studio Version 17
VisualStudioVersion = 17.5.33627.172
MinimumVisualStudioVersion = 10.0.40219.1
Project("{FAE04EC0-301F-11D3-BF4B-00C04F79EFBC}") = "RectangleTask", "Tasks_Day1\RectangleTask.csproj", "{0582CA3D-2193-4A0E-A825-689B7367D36C}"
EndProject
Project("{FAE04EC0-301F-11D3-BF4B-00C04F79EFBC}") = "TempretureConvert", "TempretureConvert\TempretureConvert.csproj", "{F16C48EB-5413-41AB-BE49-9946C0D2C81D}"
EndProject
Project("{FAE04EC0-301F-11D3-BF4B-00C04F79EFBC}") = "Checking", "Checking\Checking.csproj", "{583F01C6-4555-4760-98F0-85CFF6B6BAEF}"
EndProject
Project("{FAE04EC0-301F-11D3-BF4B-00C04F79EFBC}") = "ArraysManipulation", "ArraysManipulation\ArraysManipulation.csproj", "{AD2AC5FD-381B-435D-9849-00981E3B3BF1}"
EndProject
Project("{FAE04EC0-301F-11D3-BF4B-00C04F79EFBC}") = "SimpleCalculator", "SimpleCalculator\SimpleCalculator.csproj", "{12F60F06-6246-4ACC-9DCF-BE9DCD1317AB}"
EndProject
Global
	GlobalSection(SolutionConfigurationPlatforms) = preSolution
		Debug|Any CPU = Debug|Any CPU
		Release|Any CPU = Release|Any CPU
	EndGlobalSection
	GlobalSection(ProjectConfigurationPlatforms) = postSolution
		{0582CA3D-2193-4A0E-A825-689B7367D36C}.Debug|Any CPU.ActiveCfg = Debug|Any CPU
		{0582CA3D-2193-4A0E-A825-689B7367D36C}.Debug|Any CPU.Build.0 = Debug|Any CPU
		{0582CA3D-2193-4A0E-A825-689B7367D36C}.Release|Any CPU.ActiveCfg = Release|Any CPU
		{0582CA3D-2193-4A0E-A825-689B7367D36C}.Release|Any CPU.Build.0 = Release|Any CPU
		{F16C48EB-5413-41AB-BE49-9946C0D2C81D}.Debug|Any CPU.ActiveCfg = Debug|Any CPU
		{F16C48EB-5413-41AB-BE49-9946C0D2C81D}.Debug|Any CPU.Build.0 = Debug|Any CPU
		{F16C48EB-5413-41AB-BE49-9946C0D2C81D}.Release|Any CPU.ActiveCfg = Release|Any CPU
		{F16C48EB-5413-41AB-BE49-9946C0D2C81D}.Release|Any CPU.Build.0 = Release|Any CPU
		{583F01C6-4555-4760-98F0-85CFF6B6BAEF}.Debug|Any CPU.ActiveCfg = Debug|Any CPU
		{583F01C6-4555-4760-98F0-85CFF6B6BAEF}.Debug|Any CPU.Build.0 = Debug|Any CPU
		{583F01C6-4555-4760-98F0-85CFF6B6BAEF}.Release|Any CPU.ActiveCfg = Release|Any CPU
		{583F01C6-4555-4760-98F0-85CFF6B6BAEF}.Release|Any CPU.Build.0 = Release|Any CPU
		{AD2AC5FD-381B-435D-9849-00981E3B3BF1}.Debug|Any CPU.ActiveCfg = Debug|Any CPU
		{AD2AC5FD-381B-435D-9849-00981E3B3BF1}.Debug|Any CPU.Build.0 = Debug|Any CPU
		{AD2AC5FD-381B-435D-9849-00981E3B3BF1}.Release|Any CPU.ActiveCfg = Release|Any CPU
		{AD2AC5FD-381B-435D-9849-00981E3B3BF1}.Release|Any CPU.Build.0 = Release|Any CPU
		{12F60F06-6246-4ACC-9DCF-BE9DCD1317AB}.Debug|Any CPU.ActiveCfg = Debug|Any CPU
		{12F60F06-6246-4ACC-9DCF-BE9DCD1317AB}.Debug|Any CPU.Build.0 = Debug|Any CPU
		{12F60F06-6246-4ACC-9DCF-BE9DCD1317AB}.Release|Any CPU.ActiveCfg = Release|Any CPU
		{12F60F06-6246-4ACC-9DCF-BE9DCD1317AB}.Release|Any CPU.Build.0 = Release|Any CPU
	EndGlobalSection
	GlobalSection(SolutionProperties) = preSolution
		HideSolutionNode = FALSE
	EndGlobalSection
	GlobalSection(ExtensibilityGlobals) = postSolution
		SolutionGuid = {E16CCEB4-EC18-4E8A-AFFF-049953E80E71}
	EndGlobalSection
EndGlobal
